
Microsoft Visual Studio Solution File, Format Version 12.00
# Visual Studio Version 17
VisualStudioVersion = 17.14.36221.1 d17.14
MinimumVisualStudioVersion = 10.0.40219.1
Project("{FAE04EC0-301F-11D3-BF4B-00C04F79EFBC}") = "t1", "t1.csproj", "{9CF735B9-8E6A-4AFA-B652-2D3D0C6EBC72}"
EndProject
Global
	GlobalSection(SolutionConfigurationPlatforms) = preSolution
		Debug|Any CPU = Debug|Any CPU
		Release|Any CPU = Release|Any CPU
	EndGlobalSection
	GlobalSection(ProjectConfigurationPlatforms) = postSolution
		{9CF735B9-8E6A-4AFA-B652-2D3D0C6EBC72}.Debug|Any CPU.ActiveCfg = Debug|Any CPU
		{9CF735B9-8E6A-4AFA-B652-2D3D0C6EBC72}.Debug|Any CPU.Build.0 = Debug|Any CPU
		{9CF735B9-8E6A-4AFA-B652-2D3D0C6EBC72}.Release|Any CPU.ActiveCfg = Release|Any CPU
		{9CF735B9-8E6A-4AFA-B652-2D3D0C6EBC72}.Release|Any CPU.Build.0 = Release|Any CPU
	EndGlobalSection
	GlobalSection(SolutionProperties) = preSolution
		HideSolutionNode = FALSE
	EndGlobalSection
	GlobalSection(ExtensibilityGlobals) = postSolution
		SolutionGuid = {BC3C18FA-B291-4F01-A97C-76DB2C50D8A7}
	EndGlobalSection
EndGlobal
